
Microsoft Visual Studio Solution File, Format Version 12.00
# Visual Studio Version 17
VisualStudioVersion = 17.4.33403.182
MinimumVisualStudioVersion = 10.0.40219.1
Project("{FAE04EC0-301F-11D3-BF4B-00C04F79EFBC}") = "leetcode-Two Sum", "leetcode-Two Sum\leetcode-Two Sum.csproj", "{4CA700D5-C8B0-4A6B-B235-D71105976D41}"
EndProject
Global
	GlobalSection(SolutionConfigurationPlatforms) = preSolution
		Debug|Any CPU = Debug|Any CPU
		Release|Any CPU = Release|Any CPU
	EndGlobalSection
	GlobalSection(ProjectConfigurationPlatforms) = postSolution
		{4CA700D5-C8B0-4A6B-B235-D71105976D41}.Debug|Any CPU.ActiveCfg = Debug|Any CPU
		{4CA700D5-C8B0-4A6B-B235-D71105976D41}.Debug|Any CPU.Build.0 = Debug|Any CPU
		{4CA700D5-C8B0-4A6B-B235-D71105976D41}.Release|Any CPU.ActiveCfg = Release|Any CPU
		{4CA700D5-C8B0-4A6B-B235-D71105976D41}.Release|Any CPU.Build.0 = Release|Any CPU
	EndGlobalSection
	GlobalSection(SolutionProperties) = preSolution
		HideSolutionNode = FALSE
	EndGlobalSection
	GlobalSection(ExtensibilityGlobals) = postSolution
		SolutionGuid = {21AFC97E-4877-4E5D-A132-8C346470130C}
	EndGlobalSection
EndGlobal
